# This file is automatically @generated by Poetry 2.1.1 and should not be changed by hand.

[[package]]
name = "attrs"
version = "25.3.0"
description = "Classes Without Boilerplate"
optional = false
python-versions = ">=3.8"
groups = ["main"]
files = [
    {file = "attrs-25.3.0-py3-none-any.whl", hash = "sha256:427318ce031701fea540783410126f03899a97ffc6f61596ad581ac2e40e3bc3"},
    {file = "attrs-25.3.0.tar.gz", hash = "sha256:75d7cefc7fb576747b2c81b4442d4d4a1ce0900973527c011d1030fd3bf4af1b"},
]

[package.extras]
benchmark = ["cloudpickle ; platform_python_implementation == \"CPython\"", "hypothesis", "mypy (>=1.11.1) ; platform_python_implementation == \"CPython\" and python_version >= \"3.10\"", "pympler", "pytest (>=4.3.0)", "pytest-codspeed", "pytest-mypy-plugins ; platform_python_implementation == \"CPython\" and python_version >= \"3.10\"", "pytest-xdist[psutil]"]
cov = ["cloudpickle ; platform_python_implementation == \"CPython\"", "coverage[toml] (>=5.3)", "hypothesis", "mypy (>=1.11.1) ; platform_python_implementation == \"CPython\" and python_version >= \"3.10\"", "pympler", "pytest (>=4.3.0)", "pytest-mypy-plugins ; platform_python_implementation == \"CPython\" and python_version >= \"3.10\"", "pytest-xdist[psutil]"]
dev = ["cloudpickle ; platform_python_implementation == \"CPython\"", "hypothesis", "mypy (>=1.11.1) ; platform_python_implementation == \"CPython\" and python_version >= \"3.10\"", "pre-commit-uv", "pympler", "pytest (>=4.3.0)", "pytest-mypy-plugins ; platform_python_implementation == \"CPython\" and python_version >= \"3.10\"", "pytest-xdist[psutil]"]
docs = ["cogapp", "furo", "myst-parser", "sphinx", "sphinx-notfound-page", "sphinxcontrib-towncrier", "towncrier"]
tests = ["cloudpickle ; platform_python_implementation == \"CPython\"", "hypothesis", "mypy (>=1.11.1) ; platform_python_implementation == \"CPython\" and python_version >= \"3.10\"", "pympler", "pytest (>=4.3.0)", "pytest-mypy-plugins ; platform_python_implementation == \"CPython\" and python_version >= \"3.10\"", "pytest-xdist[psutil]"]
tests-mypy = ["mypy (>=1.11.1) ; platform_python_implementation == \"CPython\" and python_version >= \"3.10\"", "pytest-mypy-plugins ; platform_python_implementation == \"CPython\" and python_version >= \"3.10\""]

[[package]]
name = "aws-cdk-asset-awscli-v1"
version = "2.2.233"
description = "A library that contains the AWS CLI for use in Lambda Layers"
optional = false
python-versions = "~=3.9"
groups = ["main"]
files = [
    {file = "aws_cdk_asset_awscli_v1-2.2.233-py3-none-any.whl", hash = "sha256:50d22055b5c746f7a1884dd0db1f88b9c13fef33ae744f85e2491bb34372e01e"},
    {file = "aws_cdk_asset_awscli_v1-2.2.233.tar.gz", hash = "sha256:3a83c0d962f1db4f8b200670aa6cb21ead2f83751f7709f4003c92ef2faa268e"},
]

[package.dependencies]
jsii = ">=1.111.0,<2.0.0"
publication = ">=0.0.3"
typeguard = ">=2.13.3,<4.3.0"

[[package]]
name = "aws-cdk-asset-node-proxy-agent-v6"
version = "2.1.0"
description = "@aws-cdk/asset-node-proxy-agent-v6"
optional = false
python-versions = "~=3.8"
groups = ["main"]
files = [
    {file = "aws_cdk.asset_node_proxy_agent_v6-2.1.0-py3-none-any.whl", hash = "sha256:24a388b69a44d03bae6dbf864c4e25ba650d4b61c008b4568b94ffbb9a69e40e"},
    {file = "aws_cdk_asset_node_proxy_agent_v6-2.1.0.tar.gz", hash = "sha256:1f292c0631f86708ba4ee328b3a2b229f7e46ea1c79fbde567ee9eb119c2b0e2"},
]

[package.dependencies]
jsii = ">=1.103.1,<2.0.0"
publication = ">=0.0.3"
typeguard = ">=2.13.3,<5.0.0"

[[package]]
name = "aws-cdk-cloud-assembly-schema"
version = "41.2.0"
description = "Schema for the protocol between CDK framework and CDK CLI"
optional = false
python-versions = "~=3.8"
groups = ["main"]
files = [
    {file = "aws_cdk.cloud_assembly_schema-41.2.0-py3-none-any.whl", hash = "sha256:779ca7e3edb02695e0a94a1f38e322b04fbe192cd7944553f80b681a21edd670"},
    {file = "aws_cdk_cloud_assembly_schema-41.2.0.tar.gz", hash = "sha256:7064ac13f6944fd53f8d8eace611d3c5d8db7014049d629f5c47ede8dc5f2e3b"},
]

[package.dependencies]
jsii = ">=1.108.0,<2.0.0"
publication = ">=0.0.3"
typeguard = ">=2.13.3,<4.3.0"

[[package]]
name = "aws-cdk-lib"
version = "2.191.0"
description = "Version 2 of the AWS Cloud Development Kit library"
optional = false
python-versions = "~=3.9"
groups = ["main"]
files = [
    {file = "aws_cdk_lib-2.191.0-py3-none-any.whl", hash = "sha256:4e9b04be4fbcaef592a2a9446ce1a4700294f03b3d1a2290343ca9080e1a0353"},
    {file = "aws_cdk_lib-2.191.0.tar.gz", hash = "sha256:db8bd5c8f03cb6ffb3ee31e05a4c1e662d5da54078a0503d7d9f6c0568fb6248"},
]

[package.dependencies]
"aws-cdk.asset-awscli-v1" = ">=2.2.229,<3.0.0"
"aws-cdk.asset-node-proxy-agent-v6" = ">=2.1.0,<3.0.0"
"aws-cdk.cloud-assembly-schema" = ">=41.0.0,<42.0.0"
constructs = ">=10.0.0,<11.0.0"
jsii = ">=1.110.0,<2.0.0"
publication = ">=0.0.3"
typeguard = ">=2.13.3,<4.3.0"

[[package]]
name = "cattrs"
version = "24.1.3"
description = "Composable complex class support for attrs and dataclasses."
optional = false
python-versions = ">=3.8"
groups = ["main"]
files = [
    {file = "cattrs-24.1.3-py3-none-any.whl", hash = "sha256:adf957dddd26840f27ffbd060a6c4dd3b2192c5b7c2c0525ef1bd8131d8a83f5"},
    {file = "cattrs-24.1.3.tar.gz", hash = "sha256:981a6ef05875b5bb0c7fb68885546186d306f10f0f6718fe9b96c226e68821ff"},
]

[package.dependencies]
attrs = ">=23.1.0"

[package.extras]
bson = ["pymongo (>=4.4.0)"]
cbor2 = ["cbor2 (>=5.4.6)"]
msgpack = ["msgpack (>=1.0.5)"]
msgspec = ["msgspec (>=0.18.5) ; implementation_name == \"cpython\""]
orjson = ["orjson (>=3.9.2) ; implementation_name == \"cpython\""]
pyyaml = ["pyyaml (>=6.0)"]
tomlkit = ["tomlkit (>=0.11.8)"]
ujson = ["ujson (>=5.7.0)"]

[[package]]
name = "constructs"
version = "10.4.2"
description = "A programming model for software-defined state"
optional = false
python-versions = "~=3.8"
groups = ["main"]
files = [
    {file = "constructs-10.4.2-py3-none-any.whl", hash = "sha256:1f0f59b004edebfde0f826340698b8c34611f57848139b7954904c61645f13c1"},
    {file = "constructs-10.4.2.tar.gz", hash = "sha256:ce54724360fffe10bab27d8a081844eb81f5ace7d7c62c84b719c49f164d5307"},
]

[package.dependencies]
jsii = ">=1.102.0,<2.0.0"
publication = ">=0.0.3"
typeguard = ">=2.13.3,<2.14.0"

[[package]]
name = "importlib-resources"
version = "6.5.2"
description = "Read resources from Python packages"
optional = false
python-versions = ">=3.9"
groups = ["main"]
files = [
    {file = "importlib_resources-6.5.2-py3-none-any.whl", hash = "sha256:789cfdc3ed28c78b67a06acb8126751ced69a3d5f79c095a98298cd8a760ccec"},
    {file = "importlib_resources-6.5.2.tar.gz", hash = "sha256:185f87adef5bcc288449d98fb4fba07cea78bc036455dd44c5fc4a2fe78fed2c"},
]

[package.extras]
check = ["pytest-checkdocs (>=2.4)", "pytest-ruff (>=0.2.1) ; sys_platform != \"cygwin\""]
cover = ["pytest-cov"]
doc = ["furo", "jaraco.packaging (>=9.3)", "jaraco.tidelift (>=1.4)", "rst.linker (>=1.9)", "sphinx (>=3.5)", "sphinx-lint"]
enabler = ["pytest-enabler (>=2.2)"]
test = ["jaraco.test (>=5.4)", "pytest (>=6,!=8.1.*)", "zipp (>=3.17)"]
type = ["pytest-mypy"]

[[package]]
name = "jsii"
version = "1.111.0"
description = "Python client for jsii runtime"
optional = false
python-versions = "~=3.9"
groups = ["main"]
files = [
    {file = "jsii-1.111.0-py3-none-any.whl", hash = "sha256:3084e31173e73d2eefee678c8ee31aa49428830509043057a421a4c0dde94434"},
    {file = "jsii-1.111.0.tar.gz", hash = "sha256:db523ab9b6575c84d6ed8779cdbdc739abd48a7cb0723b66beb84c1a9dc31c7c"},
]

[package.dependencies]
attrs = ">=21.2,<26.0"
cattrs = ">=1.8,<24.2"
importlib-resources = ">=5.2.0"
publication = ">=0.0.3"
python-dateutil = "*"
typeguard = ">=2.13.3,<4.5.0"
typing-extensions = ">=3.8,<5.0"

[[package]]
name = "publication"
version = "0.0.3"
description = "Publication helps you maintain public-api-friendly modules by preventing unintentional access to private implementation details via introspection."
optional = false
python-versions = "*"
groups = ["main"]
files = [
    {file = "publication-0.0.3-py2.py3-none-any.whl", hash = "sha256:0248885351febc11d8a1098d5c8e3ab2dabcf3e8c0c96db1e17ecd12b53afbe6"},
    {file = "publication-0.0.3.tar.gz", hash = "sha256:68416a0de76dddcdd2930d1c8ef853a743cc96c82416c4e4d3b5d901c6276dc4"},
]

[[package]]
name = "python-dateutil"
version = "2.9.0.post0"
description = "Extensions to the standard Python datetime module"
optional = false
python-versions = "!=3.0.*,!=3.1.*,!=3.2.*,>=2.7"
groups = ["main"]
files = [
    {file = "python-dateutil-2.9.0.post0.tar.gz", hash = "sha256:37dd54208da7e1cd875388217d5e00ebd4179249f90fb72437e91a35459a0ad3"},
    {file = "python_dateutil-2.9.0.post0-py2.py3-none-any.whl", hash = "sha256:a8b2bc7bffae282281c8140a97d3aa9c14da0b136dfe83f850eea9a5f7470427"},
]

[package.dependencies]
six = ">=1.5"

[[package]]
name = "six"
version = "1.17.0"
description = "Python 2 and 3 compatibility utilities"
optional = false
python-versions = "!=3.0.*,!=3.1.*,!=3.2.*,>=2.7"
groups = ["main"]
files = [
    {file = "six-1.17.0-py2.py3-none-any.whl", hash = "sha256:4721f391ed90541fddacab5acf947aa0d3dc7d27b2e1e8eda2be8970586c3274"},
    {file = "six-1.17.0.tar.gz", hash = "sha256:ff70335d468e7eb6ec65b95b99d3a2836546063f63acc5171de367e834932a81"},
]

[[package]]
name = "typeguard"
version = "2.13.3"
description = "Run-time type checker for Python"
optional = false
python-versions = ">=3.5.3"
groups = ["main"]
files = [
    {file = "typeguard-2.13.3-py3-none-any.whl", hash = "sha256:5e3e3be01e887e7eafae5af63d1f36c849aaa94e3a0112097312aabfa16284f1"},
    {file = "typeguard-2.13.3.tar.gz", hash = "sha256:00edaa8da3a133674796cf5ea87d9f4b4c367d77476e185e80251cc13dfbb8c4"},
]

[package.extras]
doc = ["sphinx-autodoc-typehints (>=1.2.0)", "sphinx-rtd-theme"]
test = ["mypy ; platform_python_implementation != \"PyPy\"", "pytest", "typing-extensions"]

[[package]]
name = "typing-extensions"
version = "4.13.2"
description = "Backported and Experimental Type Hints for Python 3.8+"
optional = false
python-versions = ">=3.8"
groups = ["main"]
files = [
    {file = "typing_extensions-4.13.2-py3-none-any.whl", hash = "sha256:a439e7c04b49fec3e5d3e2beaa21755cadbbdc391694e28ccdd36ca4a1408f8c"},
    {file = "typing_extensions-4.13.2.tar.gz", hash = "sha256:e6c81219bd689f51865d9e372991c540bda33a0379d5573cddb9a3a23f7caaef"},
]

[metadata]
lock-version = "2.1"
python-versions = ">=3.11,<4.0"
content-hash = "c762f6e5a1316c41cd517ff101116e8f51724f112c791f5b2bb28211b0ce4074"
